{
  "name": "json2markdown-demo",
  "version": "1.0.0",
  "lockfileVersion": 1,
  "requires": true,
  "dependencies": {
    "indento": {
      "version": "1.1.13",
      "resolved": "https://r.cnpmjs.org/indento/download/indento-1.1.13.tgz",
      "integrity": "sha1-dRMxsyfAR0Dut75AxWBubiVcnjY="
    },
    "json2md": {
      "version": "1.9.1",
      "resolved": "https://r.cnpmjs.org/json2md/download/json2md-1.9.1.tgz",
      "integrity": "sha1-2RF/vgrshlbJNu3MNqJRtuKnoBc=",
      "requires": {
        "indento": "^1.1.7"
      }
    }
  }
}
